// !$*UTF8*$!
{
	archiveVersion = 1;
	classes = {
	};
	objectVersion = 50;
	objects = {

/* Begin PBXBuildFile section */
		E421F200229AB3FE00B59045 /* AppDelegate.m in Sources */ = {isa = PBXBuildFile; fileRef = E421F1FF229AB3FE00B59045 /* AppDelegate.m */; };
		E421F203229AB3FE00B59045 /* BUGViewController.m in Sources */ = {isa = PBXBuildFile; fileRef = E421F202229AB3FE00B59045 /* BUGViewController.m */; };
		E421F208229AB3FE00B59045 /* Assets.xcassets in Resources */ = {isa = PBXBuildFile; fileRef = E421F207229AB3FE00B59045 /* Assets.xcassets */; };
		E421F20B229AB3FE00B59045 /* LaunchScreen.storyboard in Resources */ = {isa = PBXBuildFile; fileRef = E421F209229AB3FE00B59045 /* LaunchScreen.storyboard */; };
		E421F20E229AB3FE00B59045 /* main.m in Sources */ = {isa = PBXBuildFile; fileRef = E421F20D229AB3FE00B59045 /* main.m */; };
		E421F2ED229AB71B00B59045 /* PromotionVideo.mp4 in Resources */ = {isa = PBXBuildFile; fileRef = E421F2EC229AB71B00B59045 /* PromotionVideo.mp4 */; };
		E421F2F0229ABB3F00B59045 /* BUGVideoView.m in Sources */ = {isa = PBXBuildFile; fileRef = E421F2EE229ABB3F00B59045 /* BUGVideoView.m */; };
/* End PBXBuildFile section */

/* Begin PBXFileReference section */
		E421F1FB229AB3FE00B59045 /* AVPlayerBug.app */ = {isa = PBXFileReference; explicitFileType = wrapper.application; includeInIndex = 0; path = AVPlayerBug.app; sourceTree = BUILT_PRODUCTS_DIR; };
		E421F1FE229AB3FE00B59045 /* AppDelegate.h */ = {isa = PBXFileReference; lastKnownFileType = sourcecode.c.h; path = AppDelegate.h; sourceTree = "<group>"; };
		E421F1FF229AB3FE00B59045 /* AppDelegate.m */ = {isa = PBXFileReference; lastKnownFileType = sourcecode.c.objc; path = AppDelegate.m; sourceTree = "<group>"; };
		E421F201229AB3FE00B59045 /* BUGViewController.h */ = {isa = PBXFileReference; lastKnownFileType = sourcecode.c.h; path = BUGViewController.h; sourceTree = "<group>"; };
		E421F202229AB3FE00B59045 /* BUGViewController.m */ = {isa = PBXFileReference; lastKnownFileType = sourcecode.c.objc; path = BUGViewController.m; sourceTree = "<group>"; };
		E421F207229AB3FE00B59045 /* Assets.xcassets */ = {isa = PBXFileReference; lastKnownFileType = folder.assetcatalog; path = Assets.xcassets; sourceTree = "<group>"; };
		E421F20A229AB3FE00B59045 /* Base */ = {isa = PBXFileReference; lastKnownFileType = file.storyboard; name = Base; path = Base.lproj/LaunchScreen.storyboard; sourceTree = "<group>"; };
		E421F20C229AB3FE00B59045 /* Info.plist */ = {isa = PBXFileReference; lastKnownFileType = text.plist.xml; path = Info.plist; sourceTree = "<group>"; };
		E421F20D229AB3FE00B59045 /* main.m */ = {isa = PBXFileReference; lastKnownFileType = sourcecode.c.objc; path = main.m; sourceTree = "<group>"; };
		E421F2EC229AB71B00B59045 /* PromotionVideo.mp4 */ = {isa = PBXFileReference; lastKnownFileType = file; path = PromotionVideo.mp4; sourceTree = "<group>"; };
		E421F2EE229ABB3F00B59045 /* BUGVideoView.m */ = {isa = PBXFileReference; lastKnownFileType = sourcecode.c.objc; path = BUGVideoView.m; sourceTree = "<group>"; };
		E421F2EF229ABB3F00B59045 /* BUGVideoView.h */ = {isa = PBXFileReference; lastKnownFileType = sourcecode.c.h; path = BUGVideoView.h; sourceTree = "<group>"; };
/* End PBXFileReference section */

/* Begin PBXFrameworksBuildPhase section */
		E421F1F8229AB3FE00B59045 /* Frameworks */ = {
			isa = PBXFrameworksBuildPhase;
			buildActionMask = 2147483647;
			files = (
			);
			runOnlyForDeploymentPostprocessing = 0;
		};
/* End PBXFrameworksBuildPhase section */

/* Begin PBXGroup section */
		E421F1F2229AB3FE00B59045 = {
			isa = PBXGroup;
			children = (
				E421F1FD229AB3FE00B59045 /* AVPlayerBug */,
				E421F1FC229AB3FE00B59045 /* Products */,
			);
			sourceTree = "<group>";
		};
		E421F1FC229AB3FE00B59045 /* Products */ = {
			isa = PBXGroup;
			children = (
				E421F1FB229AB3FE00B59045 /* AVPlayerBug.app */,
			);
			name = Products;
			sourceTree = "<group>";
		};
		E421F1FD229AB3FE00B59045 /* AVPlayerBug */ = {
			isa = PBXGroup;
			children = (
				E421F1FE229AB3FE00B59045 /* AppDelegate.h */,
				E421F1FF229AB3FE00B59045 /* AppDelegate.m */,
				E421F2EF229ABB3F00B59045 /* BUGVideoView.h */,
				E421F2EE229ABB3F00B59045 /* BUGVideoView.m */,
				E421F201229AB3FE00B59045 /* BUGViewController.h */,
				E421F202229AB3FE00B59045 /* BUGViewController.m */,
				E421F207229AB3FE00B59045 /* Assets.xcassets */,
				E421F2EC229AB71B00B59045 /* PromotionVideo.mp4 */,
				E421F209229AB3FE00B59045 /* LaunchScreen.storyboard */,
				E421F20C229AB3FE00B59045 /* Info.plist */,
				E421F20D229AB3FE00B59045 /* main.m */,
			);
			path = AVPlayerBug;
			sourceTree = "<group>";
		};
/* End PBXGroup section */

/* Begin PBXNativeTarget section */
		E421F1FA229AB3FE00B59045 /* AVPlayerBug */ = {
			isa = PBXNativeTarget;
			buildConfigurationList = E421F211229AB3FE00B59045 /* Build configuration list for PBXNativeTarget "AVPlayerBug" */;
			buildPhases = (
				E421F1F7229AB3FE00B59045 /* Sources */,
				E421F1F8229AB3FE00B59045 /* Frameworks */,
				E421F1F9229AB3FE00B59045 /* Resources */,
			);
			buildRules = (
			);
			dependencies = (
			);
			name = AVPlayerBug;
			productName = AVPlayerBug;
			productReference = E421F1FB229AB3FE00B59045 /* AVPlayerBug.app */;
			productType = "com.apple.product-type.application";
		};
/* End PBXNativeTarget section */

/* Begin PBXProject section */
		E421F1F3229AB3FE00B59045 /* Project object */ = {
			isa = PBXProject;
			attributes = {
				LastUpgradeCheck = 1020;
				ORGANIZATIONNAME = "Guy Niv";
				TargetAttributes = {
					E421F1FA229AB3FE00B59045 = {
						CreatedOnToolsVersion = 10.2;
					};
				};
			};
			buildConfigurationList = E421F1F6229AB3FE00B59045 /* Build configuration list for PBXProject "AVPlayerBug" */;
			compatibilityVersion = "Xcode 9.3";
			developmentRegion = en;
			hasScannedForEncodings = 0;
			knownRegions = (
				en,
				Base,
			);
			mainGroup = E421F1F2229AB3FE00B59045;
			productRefGroup = E421F1FC229AB3FE00B59045 /* Products */;
			projectDirPath = "";
			projectRoot = "";
			targets = (
				E421F1FA229AB3FE00B59045 /* AVPlayerBug */,
			);
		};
/* End PBXProject section */

/* Begin PBXResourcesBuildPhase section */
		E421F1F9229AB3FE00B59045 /* Resources */ = {
			isa = PBXResourcesBuildPhase;
			buildActionMask = 2147483647;
			files = (
				E421F20B229AB3FE00B59045 /* LaunchScreen.storyboard in Resources */,
				E421F208229AB3FE00B59045 /* Assets.xcassets in Resources */,
				E421F2ED229AB71B00B59045 /* PromotionVideo.mp4 in Resources */,
			);
			runOnlyForDeploymentPostprocessing = 0;
		};
/* End PBXResourcesBuildPhase section */

/* Begin PBXSourcesBuildPhase section */
		E421F1F7229AB3FE00B59045 /* Sources */ = {
			isa = PBXSourcesBuildPhase;
			buildActionMask = 2147483647;
			files = (
				E421F203229AB3FE00B59045 /* BUGViewController.m in Sources */,
				E421F20E229AB3FE00B59045 /* main.m in Sources */,
				E421F200229AB3FE00B59045 /* AppDelegate.m in Sources */,
				E421F2F0229ABB3F00B59045 /* BUGVideoView.m in Sources */,
			);
			runOnlyForDeploymentPostprocessing = 0;
		};
/* End PBXSourcesBuildPhase section */

/* Begin PBXVariantGroup section */
		E421F209229AB3FE00B59045 /* LaunchScreen.storyboard */ = {
			isa = PBXVariantGroup;
			children = (
				E421F20A229AB3FE00B59045 /* Base */,
			);
			name = LaunchScreen.storyboard;
			sourceTree = "<group>";
		};
/* End PBXVariantGroup section */

/* Begin XCBuildConfiguration section */
		E421F20F229AB3FE00B59045 /* Debug */ = {
			isa = XCBuildConfiguration;
			buildSettings = {
				ALWAYS_SEARCH_USER_PATHS = NO;
				CLANG_ANALYZER_NONNULL = YES;
				CLANG_ANALYZER_NUMBER_OBJECT_CONVERSION = YES_AGGRESSIVE;
				CLANG_CXX_LANGUAGE_STANDARD = "gnu++14";
				CLANG_CXX_LIBRARY = "libc++";
				CLANG_ENABLE_MODULES = YES;
				CLANG_ENABLE_OBJC_ARC = YES;
				CLANG_ENABLE_OBJC_WEAK = YES;
				CLANG_WARN_BLOCK_CAPTURE_AUTORELEASING = YES;
				CLANG_WARN_BOOL_CONVERSION = YES;
				CLANG_WARN_COMMA = YES;
				CLANG_WARN_CONSTANT_CONVERSION = YES;
				CLANG_WARN_DEPRECATED_OBJC_IMPLEMENTATIONS = YES;
				CLANG_WARN_DIRECT_OBJC_ISA_USAGE = YES_ERROR;
				CLANG_WARN_DOCUMENTATION_COMMENTS = YES;
				CLANG_WARN_EMPTY_BODY = YES;
				CLANG_WARN_ENUM_CONVERSION = YES;
				CLANG_WARN_INFINITE_RECURSION = YES;
				CLANG_WARN_INT_CONVERSION = YES;
				CLANG_WARN_NON_LITERAL_NULL_CONVERSION = YES;
				CLANG_WARN_OBJC_IMPLICIT_RETAIN_SELF = YES;
				CLANG_WARN_OBJC_LITERAL_CONVERSION = YES;
				CLANG_WARN_OBJC_ROOT_CLASS = YES_ERROR;
				CLANG_WARN_RANGE_LOOP_ANALYSIS = YES;
				CLANG_WARN_STRICT_PROTOTYPES = YES;
				CLANG_WARN_SUSPICIOUS_MOVE = YES;
				CLANG_WARN_UNGUARDED_AVAILABILITY = YES_AGGRESSIVE;
				CLANG_WARN_UNREACHABLE_CODE = YES;
				CLANG_WARN__DUPLICATE_METHOD_MATCH = YES;
				CODE_SIGN_IDENTITY = "iPhone Developer";
				COPY_PHASE_STRIP = NO;
				DEBUG_INFORMATION_FORMAT = dwarf;
				ENABLE_STRICT_OBJC_MSGSEND = YES;
				ENABLE_TESTABILITY = YES;
				GCC_C_LANGUAGE_STANDARD = gnu11;
				GCC_DYNAMIC_NO_PIC = NO;
				GCC_NO_COMMON_BLOCKS = YES;
				GCC_OPTIMIZATION_LEVEL = 0;
				GCC_PREPROCESSOR_DEFINITIONS = (
					"DEBUG=1",
					"$(inherited)",
				);
				GCC_WARN_64_TO_32_BIT_CONVERSION = YES;
				GCC_WARN_ABOUT_RETURN_TYPE = YES_ERROR;
				GCC_WARN_UNDECLARED_SELECTOR = YES;
				GCC_WARN_UNINITIALIZED_AUTOS = YES_AGGRESSIVE;
				GCC_WARN_UNUSED_FUNCTION = YES;
				GCC_WARN_UNUSED_VARIABLE = YES;
				IPHONEOS_DEPLOYMENT_TARGET = 12.2;
				MTL_ENABLE_DEBUG_INFO = INCLUDE_SOURCE;
				MTL_FAST_MATH = YES;
				ONLY_ACTIVE_ARCH = YES;
				SDKROOT = iphoneos;
			};
			name = Debug;
		};
		E421F210229AB3FE00B59045 /* Release */ = {
			isa = XCBuildConfiguration;
			buildSettings = {
				ALWAYS_SEARCH_USER_PATHS = NO;
				CLANG_ANALYZER_NONNULL = YES;
				CLANG_ANALYZER_NUMBER_OBJECT_CONVERSION = YES_AGGRESSIVE;
				CLANG_CXX_LANGUAGE_STANDARD = "gnu++14";
				CLANG_CXX_LIBRARY = "libc++";
				CLANG_ENABLE_MODULES = YES;
				CLANG_ENABLE_OBJC_ARC = YES;
				CLANG_ENABLE_OBJC_WEAK = YES;
				CLANG_WARN_BLOCK_CAPTURE_AUTORELEASING = YES;
				CLANG_WARN_BOOL_CONVERSION = YES;
				CLANG_WARN_COMMA = YES;
				CLANG_WARN_CONSTANT_CONVERSION = YES;
				CLANG_WARN_DEPRECATED_OBJC_IMPLEMENTATIONS = YES;
				CLANG_WARN_DIRECT_OBJC_ISA_USAGE = YES_ERROR;
				CLANG_WARN_DOCUMENTATION_COMMENTS = YES;
				CLANG_WARN_EMPTY_BODY = YES;
				CLANG_WARN_ENUM_CONVERSION = YES;
				CLANG_WARN_INFINITE_RECURSION = YES;
				CLANG_WARN_INT_CONVERSION = YES;
				CLANG_WARN_NON_LITERAL_NULL_CONVERSION = YES;
				CLANG_WARN_OBJC_IMPLICIT_RETAIN_SELF = YES;
				CLANG_WARN_OBJC_LITERAL_CONVERSION = YES;
				CLANG_WARN_OBJC_ROOT_CLASS = YES_ERROR;
				CLANG_WARN_RANGE_LOOP_ANALYSIS = YES;
				CLANG_WARN_STRICT_PROTOTYPES = YES;
				CLANG_WARN_SUSPICIOUS_MOVE = YES;
				CLANG_WARN_UNGUARDED_AVAILABILITY = YES_AGGRESSIVE;
				CLANG_WARN_UNREACHABLE_CODE = YES;
				CLANG_WARN__DUPLICATE_METHOD_MATCH = YES;
				CODE_SIGN_IDENTITY = "iPhone Developer";
				COPY_PHASE_STRIP = NO;
				DEBUG_INFORMATION_FORMAT = "dwarf-with-dsym";
				ENABLE_NS_ASSERTIONS = NO;
				ENABLE_STRICT_OBJC_MSGSEND = YES;
				GCC_C_LANGUAGE_STANDARD = gnu11;
				GCC_NO_COMMON_BLOCKS = YES;
				GCC_WARN_64_TO_32_BIT_CONVERSION = YES;
				GCC_WARN_ABOUT_RETURN_TYPE = YES_ERROR;
				GCC_WARN_UNDECLARED_SELECTOR = YES;
				GCC_WARN_UNINITIALIZED_AUTOS = YES_AGGRESSIVE;
				GCC_WARN_UNUSED_FUNCTION = YES;
				GCC_WARN_UNUSED_VARIABLE = YES;
				IPHONEOS_DEPLOYMENT_TARGET = 12.2;
				MTL_ENABLE_DEBUG_INFO = NO;
				MTL_FAST_MATH = YES;
				SDKROOT = iphoneos;
				VALIDATE_PRODUCT = YES;
			};
			name = Release;
		};
		E421F212229AB3FE00B59045 /* Debug */ = {
			isa = XCBuildConfiguration;
			buildSettings = {
				ASSETCATALOG_COMPILER_APPICON_NAME = AppIcon;
				CODE_SIGN_STYLE = Automatic;
				DEVELOPMENT_TEAM = KG6GWND6BG;
				INFOPLIST_FILE = AVPlayerBug/Info.plist;
				IPHONEOS_DEPLOYMENT_TARGET = 11.0;
				LD_RUNPATH_SEARCH_PATHS = (
					"$(inherited)",
					"@executable_path/Frameworks",
				);
				PRODUCT_BUNDLE_IDENTIFIER = com.lightricks.guyniv.AVPlayerBug;
				PRODUCT_NAME = "$(TARGET_NAME)";
				TARGETED_DEVICE_FAMILY = "1,2";
			};
			name = Debug;
		};
		E421F213229AB3FE00B59045 /* Release */ = {
			isa = XCBuildConfiguration;
			buildSettings = {
				ASSETCATALOG_COMPILER_APPICON_NAME = AppIcon;
				CODE_SIGN_STYLE = Automatic;
				DEVELOPMENT_TEAM = KG6GWND6BG;
				INFOPLIST_FILE = AVPlayerBug/Info.plist;
				IPHONEOS_DEPLOYMENT_TARGET = 11.0;
				LD_RUNPATH_SEARCH_PATHS = (
					"$(inherited)",
					"@executable_path/Frameworks",
				);
				PRODUCT_BUNDLE_IDENTIFIER = com.lightricks.guyniv.AVPlayerBug;
				PRODUCT_NAME = "$(TARGET_NAME)";
				TARGETED_DEVICE_FAMILY = "1,2";
			};
			name = Release;
		};
/* End XCBuildConfiguration section */

/* Begin XCConfigurationList section */
		E421F1F6229AB3FE00B59045 /* Build configuration list for PBXProject "AVPlayerBug" */ = {
			isa = XCConfigurationList;
			buildConfigurations = (
				E421F20F229AB3FE00B59045 /* Debug */,
				E421F210229AB3FE00B59045 /* Release */,
			);
			defaultConfigurationIsVisible = 0;
			defaultConfigurationName = Release;
		};
		E421F211229AB3FE00B59045 /* Build configuration list for PBXNativeTarget "AVPlayerBug" */ = {
			isa = XCConfigurationList;
			buildConfigurations = (
				E421F212229AB3FE00B59045 /* Debug */,
				E421F213229AB3FE00B59045 /* Release */,
			);
			defaultConfigurationIsVisible = 0;
			defaultConfigurationName = Release;
		};
/* End XCConfigurationList section */
	};
	rootObject = E421F1F3229AB3FE00B59045 /* Project object */;
}
